
Microsoft Visual Studio Solution File, Format Version 12.00
# Visual Studio Version 16
VisualStudioVersion = 16.0.31613.86
MinimumVisualStudioVersion = 10.0.40219.1
Project("{FAE04EC0-301F-11D3-BF4B-00C04F79EFBC}") = "TypesAndVariables", "TypesAndVariables\TypesAndVariables.csproj", "{CA15738A-E4A4-4E1F-A9E5-2A9D527DB861}"
EndProject
Project("{FAE04EC0-301F-11D3-BF4B-00C04F79EFBC}") = "HelloWorldWinForms", "HelloWorldWinForms\HelloWorldWinForms.csproj", "{CBAF6F96-D389-4EF7-B3D9-032FC9B3CCB6}"
EndProject
Global
	GlobalSection(SolutionConfigurationPlatforms) = preSolution
		Debug|Any CPU = Debug|Any CPU
		Release|Any CPU = Release|Any CPU
	EndGlobalSection
	GlobalSection(ProjectConfigurationPlatforms) = postSolution
		{CA15738A-E4A4-4E1F-A9E5-2A9D527DB861}.Debug|Any CPU.ActiveCfg = Debug|Any CPU
		{CA15738A-E4A4-4E1F-A9E5-2A9D527DB861}.Debug|Any CPU.Build.0 = Debug|Any CPU
		{CA15738A-E4A4-4E1F-A9E5-2A9D527DB861}.Release|Any CPU.ActiveCfg = Release|Any CPU
		{CA15738A-E4A4-4E1F-A9E5-2A9D527DB861}.Release|Any CPU.Build.0 = Release|Any CPU
		{CBAF6F96-D389-4EF7-B3D9-032FC9B3CCB6}.Debug|Any CPU.ActiveCfg = Debug|Any CPU
		{CBAF6F96-D389-4EF7-B3D9-032FC9B3CCB6}.Debug|Any CPU.Build.0 = Debug|Any CPU
		{CBAF6F96-D389-4EF7-B3D9-032FC9B3CCB6}.Release|Any CPU.ActiveCfg = Release|Any CPU
		{CBAF6F96-D389-4EF7-B3D9-032FC9B3CCB6}.Release|Any CPU.Build.0 = Release|Any CPU
	EndGlobalSection
	GlobalSection(SolutionProperties) = preSolution
		HideSolutionNode = FALSE
	EndGlobalSection
	GlobalSection(ExtensibilityGlobals) = postSolution
		SolutionGuid = {2FF5361F-237B-46C3-A187-F3B236B82489}
	EndGlobalSection
EndGlobal
